
Microsoft Visual Studio Solution File, Format Version 12.00
# Visual Studio Version 17
VisualStudioVersion = 17.0.32014.148
MinimumVisualStudioVersion = 10.0.40219.1
Project("{FAE04EC0-301F-11D3-BF4B-00C04F79EFBC}") = "tickets", "tickets\tickets.csproj", "{5DEB870D-BF83-49B7-8AC9-EF9E2F54079B}"
EndProject
Global
	GlobalSection(SolutionConfigurationPlatforms) = preSolution
		Debug|Any CPU = Debug|Any CPU
		Release|Any CPU = Release|Any CPU
	EndGlobalSection
	GlobalSection(ProjectConfigurationPlatforms) = postSolution
		{5DEB870D-BF83-49B7-8AC9-EF9E2F54079B}.Debug|Any CPU.ActiveCfg = Debug|Any CPU
		{5DEB870D-BF83-49B7-8AC9-EF9E2F54079B}.Debug|Any CPU.Build.0 = Debug|Any CPU
		{5DEB870D-BF83-49B7-8AC9-EF9E2F54079B}.Release|Any CPU.ActiveCfg = Release|Any CPU
		{5DEB870D-BF83-49B7-8AC9-EF9E2F54079B}.Release|Any CPU.Build.0 = Release|Any CPU
	EndGlobalSection
	GlobalSection(SolutionProperties) = preSolution
		HideSolutionNode = FALSE
	EndGlobalSection
	GlobalSection(ExtensibilityGlobals) = postSolution
		SolutionGuid = {CB266A24-229E-48BC-8A6B-C6749C005475}
	EndGlobalSection
EndGlobal
